
Microsoft Visual Studio Solution File, Format Version 12.00
# Visual Studio Version 17
VisualStudioVersion = 17.3.32922.545
MinimumVisualStudioVersion = 10.0.40219.1
Project("{FAE04EC0-301F-11D3-BF4B-00C04F79EFBC}") = "FazendoODesafio", "FazendoODesafio\FazendoODesafio.csproj", "{FDC891BD-E57C-4187-A3B1-FCC5314F6E3D}"
EndProject
Global
	GlobalSection(SolutionConfigurationPlatforms) = preSolution
		Debug|Any CPU = Debug|Any CPU
		Release|Any CPU = Release|Any CPU
	EndGlobalSection
	GlobalSection(ProjectConfigurationPlatforms) = postSolution
		{FDC891BD-E57C-4187-A3B1-FCC5314F6E3D}.Debug|Any CPU.ActiveCfg = Debug|Any CPU
		{FDC891BD-E57C-4187-A3B1-FCC5314F6E3D}.Debug|Any CPU.Build.0 = Debug|Any CPU
		{FDC891BD-E57C-4187-A3B1-FCC5314F6E3D}.Release|Any CPU.ActiveCfg = Release|Any CPU
		{FDC891BD-E57C-4187-A3B1-FCC5314F6E3D}.Release|Any CPU.Build.0 = Release|Any CPU
	EndGlobalSection
	GlobalSection(SolutionProperties) = preSolution
		HideSolutionNode = FALSE
	EndGlobalSection
	GlobalSection(ExtensibilityGlobals) = postSolution
		SolutionGuid = {9A913F4D-9E87-495A-9D81-16AA9C12F111}
	EndGlobalSection
EndGlobal
